
Microsoft Visual Studio Solution File, Format Version 12.00
# Visual Studio Version 17
VisualStudioVersion = 17.1.32421.90
MinimumVisualStudioVersion = 10.0.40219.1
Project("{FAE04EC0-301F-11D3-BF4B-00C04F79EFBC}") = "HRManage", "HRManage\HRManage.csproj", "{9612C98B-C616-410C-AEAB-9CB214ECAC71}"
EndProject
Global
	GlobalSection(SolutionConfigurationPlatforms) = preSolution
		Debug|Any CPU = Debug|Any CPU
		Release|Any CPU = Release|Any CPU
	EndGlobalSection
	GlobalSection(ProjectConfigurationPlatforms) = postSolution
		{9612C98B-C616-410C-AEAB-9CB214ECAC71}.Debug|Any CPU.ActiveCfg = Debug|Any CPU
		{9612C98B-C616-410C-AEAB-9CB214ECAC71}.Debug|Any CPU.Build.0 = Debug|Any CPU
		{9612C98B-C616-410C-AEAB-9CB214ECAC71}.Release|Any CPU.ActiveCfg = Release|Any CPU
		{9612C98B-C616-410C-AEAB-9CB214ECAC71}.Release|Any CPU.Build.0 = Release|Any CPU
	EndGlobalSection
	GlobalSection(SolutionProperties) = preSolution
		HideSolutionNode = FALSE
	EndGlobalSection
	GlobalSection(ExtensibilityGlobals) = postSolution
		SolutionGuid = {F04E0E28-2752-4F62-9589-89F04F3547F3}
	EndGlobalSection
EndGlobal
同样顶顶顶顶顶顶顶顶顶顶顶顶顶顶顶顶顶
